
Microsoft Visual Studio Solution File, Format Version 12.00
# Visual Studio Version 17
VisualStudioVersion = 17.7.34302.85
MinimumVisualStudioVersion = 10.0.40219.1
Project("{FAE04EC0-301F-11D3-BF4B-00C04F79EFBC}") = "CasusBENTexNL", "CasusBENTexNL\CasusBENTexNL.csproj", "{EEC5FF93-D817-4772-938B-BF6153C91DF9}"
EndProject
Global
	GlobalSection(SolutionConfigurationPlatforms) = preSolution
		Debug|Any CPU = Debug|Any CPU
		Release|Any CPU = Release|Any CPU
	EndGlobalSection
	GlobalSection(ProjectConfigurationPlatforms) = postSolution
		{EEC5FF93-D817-4772-938B-BF6153C91DF9}.Debug|Any CPU.ActiveCfg = Debug|Any CPU
		{EEC5FF93-D817-4772-938B-BF6153C91DF9}.Debug|Any CPU.Build.0 = Debug|Any CPU
		{EEC5FF93-D817-4772-938B-BF6153C91DF9}.Release|Any CPU.ActiveCfg = Release|Any CPU
		{EEC5FF93-D817-4772-938B-BF6153C91DF9}.Release|Any CPU.Build.0 = Release|Any CPU
	EndGlobalSection
	GlobalSection(SolutionProperties) = preSolution
		HideSolutionNode = FALSE
	EndGlobalSection
	GlobalSection(ExtensibilityGlobals) = postSolution
		SolutionGuid = {FED67077-53C1-486B-A396-2B30E70DBD11}
	EndGlobalSection
EndGlobal
